// !$*UTF8*$!
{
	archiveVersion = 1;
	classes = {
	};
	objectVersion = 56;
	objects = {

/* Begin PBXBuildFile section */
		230725492C1897CF0053774F /* AppDelegate.swift in Sources */ = {isa = PBXBuildFile; fileRef = 230725482C1897CF0053774F /* AppDelegate.swift */; };
		2307254B2C1897CF0053774F /* SceneDelegate.swift in Sources */ = {isa = PBXBuildFile; fileRef = 2307254A2C1897CF0053774F /* SceneDelegate.swift */; };
		2307254D2C1897CF0053774F /* LibraryViewController.swift in Sources */ = {isa = PBXBuildFile; fileRef = 2307254C2C1897CF0053774F /* LibraryViewController.swift */; };
		230725552C1897D10053774F /* Assets.xcassets in Resources */ = {isa = PBXBuildFile; fileRef = 230725542C1897D10053774F /* Assets.xcassets */; };
		230725582C1897D10053774F /* LaunchScreen.storyboard in Resources */ = {isa = PBXBuildFile; fileRef = 230725562C1897D10053774F /* LaunchScreen.storyboard */; };
		230DF3042C1D7DD600927983 /* CoreDataContainer.swift in Sources */ = {isa = PBXBuildFile; fileRef = 230DF3032C1D7DD600927983 /* CoreDataContainer.swift */; };
		230DF3072C1D7E0800927983 /* AppUserDefaults.swift in Sources */ = {isa = PBXBuildFile; fileRef = 230DF3062C1D7E0800927983 /* AppUserDefaults.swift */; };
		230DF3092C1D7F2E00927983 /* ProjectStore.swift in Sources */ = {isa = PBXBuildFile; fileRef = 230DF3082C1D7F2E00927983 /* ProjectStore.swift */; };
		230DF30B2C1D80BF00927983 /* NSManageObjectContext+Ext.swift in Sources */ = {isa = PBXBuildFile; fileRef = 230DF30A2C1D80BF00927983 /* NSManageObjectContext+Ext.swift */; };
		230DF30E2C1D880F00927983 /* LibraryCell.swift in Sources */ = {isa = PBXBuildFile; fileRef = 230DF30D2C1D880F00927983 /* LibraryCell.swift */; };
		232C98C22C1B34D00064B2C6 /* ImagePicker.swift in Sources */ = {isa = PBXBuildFile; fileRef = 232C98C12C1B34D00064B2C6 /* ImagePicker.swift */; };
		2367AB702C1D8F090003AAE8 /* UIImage+Ext.swift in Sources */ = {isa = PBXBuildFile; fileRef = 2367AB6F2C1D8F090003AAE8 /* UIImage+Ext.swift */; };
		2396C1302C358F5500D05D18 /* AppearanceSwitcher.swift in Sources */ = {isa = PBXBuildFile; fileRef = 2396C12F2C358F5500D05D18 /* AppearanceSwitcher.swift */; };
		2396C1322C358F6900D05D18 /* AppearanceSettingView.swift in Sources */ = {isa = PBXBuildFile; fileRef = 2396C1312C358F6900D05D18 /* AppearanceSettingView.swift */; };
		239E14E92C32E1B8001FB31E /* CropPresenter.swift in Sources */ = {isa = PBXBuildFile; fileRef = 239E14E82C32E1B8001FB31E /* CropPresenter.swift */; };
		23A730882C3824C800624539 /* UIView+Ext.swift in Sources */ = {isa = PBXBuildFile; fileRef = 23A730872C3824C800624539 /* UIView+Ext.swift */; };
		23A756CF2C1C867A00F2FB10 /* ProjectPhoto.swift in Sources */ = {isa = PBXBuildFile; fileRef = 23A756CE2C1C867A00F2FB10 /* ProjectPhoto.swift */; };
		23A756D32C1D7BE600F2FB10 /* ContactSheet.xcdatamodeld in Sources */ = {isa = PBXBuildFile; fileRef = 23A756D12C1D7BE600F2FB10 /* ContactSheet.xcdatamodeld */; };
		23AFC8F32C26AE8A00E12C9C /* AlignedCollectionViewFlowLayout.swift in Sources */ = {isa = PBXBuildFile; fileRef = 23AFC8F22C26AE8A00E12C9C /* AlignedCollectionViewFlowLayout.swift */; };
		23AFC8F52C26B63F00E12C9C /* LibraryThumbnailContentView.swift in Sources */ = {isa = PBXBuildFile; fileRef = 23AFC8F42C26B63F00E12C9C /* LibraryThumbnailContentView.swift */; };
		23AFC8F72C26B6F300E12C9C /* LibraryThumbnailImageView.swift in Sources */ = {isa = PBXBuildFile; fileRef = 23AFC8F62C26B6F300E12C9C /* LibraryThumbnailImageView.swift */; };
		23E7CF082C3C20D6004DEA8B /* UIImageColorRatio in Frameworks */ = {isa = PBXBuildFile; productRef = 23E7CF072C3C20D6004DEA8B /* UIImageColorRatio */; };
		23F50D9C2C19D511001A5966 /* ProjectViewController.swift in Sources */ = {isa = PBXBuildFile; fileRef = 23F50D9B2C19D511001A5966 /* ProjectViewController.swift */; };
		23F50D9F2C19D538001A5966 /* ExportViewController.swift in Sources */ = {isa = PBXBuildFile; fileRef = 23F50D9E2C19D538001A5966 /* ExportViewController.swift */; };
		23F50E272C19DE87001A5966 /* State.swift in Sources */ = {isa = PBXBuildFile; fileRef = 23F50E262C19DE87001A5966 /* State.swift */; };
		23F50E292C19DEAA001A5966 /* RatioPickerView.swift in Sources */ = {isa = PBXBuildFile; fileRef = 23F50E282C19DEAA001A5966 /* RatioPickerView.swift */; };
		23F50E582C19E952001A5966 /* ProjectGridView.swift in Sources */ = {isa = PBXBuildFile; fileRef = 23F50E572C19E952001A5966 /* ProjectGridView.swift */; };
		23F50E5A2C19EA0D001A5966 /* VStackView.swift in Sources */ = {isa = PBXBuildFile; fileRef = 23F50E592C19EA0D001A5966 /* VStackView.swift */; };
		23F50E5C2C19EA1A001A5966 /* HStackView.swift in Sources */ = {isa = PBXBuildFile; fileRef = 23F50E5B2C19EA1A001A5966 /* HStackView.swift */; };
		23F50E5E2C19EA2B001A5966 /* UILabel+Ext.swift in Sources */ = {isa = PBXBuildFile; fileRef = 23F50E5D2C19EA2B001A5966 /* UILabel+Ext.swift */; };
		23F50E602C19EA36001A5966 /* UIButton+Ext.swift in Sources */ = {isa = PBXBuildFile; fileRef = 23F50E5F2C19EA36001A5966 /* UIButton+Ext.swift */; };
		23F50E622C19EC65001A5966 /* ProjectGridCell.swift in Sources */ = {isa = PBXBuildFile; fileRef = 23F50E612C19EC65001A5966 /* ProjectGridCell.swift */; };
		641E24A82C3968C600BD5424 /* View+Extensions.swift in Sources */ = {isa = PBXBuildFile; fileRef = 641E24A72C3968C600BD5424 /* View+Extensions.swift */; };
		641E24AA2C39696200BD5424 /* Extension+Notifications.swift in Sources */ = {isa = PBXBuildFile; fileRef = 641E24A92C39696200BD5424 /* Extension+Notifications.swift */; };
		641E24AC2C3976FE00BD5424 /* ImageSaver.swift in Sources */ = {isa = PBXBuildFile; fileRef = 641E24AB2C3976FE00BD5424 /* ImageSaver.swift */; };
		646588B32C459BF20016D2F5 /* CloudSyncHistoryView.swift in Sources */ = {isa = PBXBuildFile; fileRef = 646588B22C459BF20016D2F5 /* CloudSyncHistoryView.swift */; };
		64A7AD932C4CDA25009AD021 /* CloudDataManager.swift in Sources */ = {isa = PBXBuildFile; fileRef = 64A7AD922C4CDA25009AD021 /* CloudDataManager.swift */; };
		64A84F5E2C516EC8001DE9AF /* Constants.swift in Sources */ = {isa = PBXBuildFile; fileRef = 64A84F5D2C516EC8001DE9AF /* Constants.swift */; };
		64D282242C4D014100B3A471 /* ImageEntityStore.swift in Sources */ = {isa = PBXBuildFile; fileRef = 64D282232C4D014100B3A471 /* ImageEntityStore.swift */; };
		64E311702C3137A200737EE7 /* ExportSheetCell.swift in Sources */ = {isa = PBXBuildFile; fileRef = 64E3116F2C3137A200737EE7 /* ExportSheetCell.swift */; };
		64E311722C31C70B00737EE7 /* UIStackView+Ext.swift in Sources */ = {isa = PBXBuildFile; fileRef = 64E311712C31C70B00737EE7 /* UIStackView+Ext.swift */; };
		64E311772C31C7CB00737EE7 /* ICloudSettingView.swift in Sources */ = {isa = PBXBuildFile; fileRef = 64E311762C31C7CB00737EE7 /* ICloudSettingView.swift */; };
		64E311792C31C7EE00737EE7 /* CloudKitSyncMonitor.swift in Sources */ = {isa = PBXBuildFile; fileRef = 64E311782C31C7EE00737EE7 /* CloudKitSyncMonitor.swift */; };
		64E3117B2C31C80C00737EE7 /* SettingViewController.swift in Sources */ = {isa = PBXBuildFile; fileRef = 64E3117A2C31C80C00737EE7 /* SettingViewController.swift */; };
		64E3117E2C31C87500737EE7 /* Mantis in Frameworks */ = {isa = PBXBuildFile; productRef = 64E3117D2C31C87500737EE7 /* Mantis */; };
		64EA49A42C2B1C1100D81A99 /* ExportView.swift in Sources */ = {isa = PBXBuildFile; fileRef = 64EA49A32C2B1C1100D81A99 /* ExportView.swift */; };
		64EA49A82C2B3EDA00D81A99 /* ExportViewModel.swift in Sources */ = {isa = PBXBuildFile; fileRef = 64EA49A72C2B3EDA00D81A99 /* ExportViewModel.swift */; };
		64FC58E62C1EB08500694C24 /* Extensions+Preview.swift in Sources */ = {isa = PBXBuildFile; fileRef = 64FC58E52C1EB08500694C24 /* Extensions+Preview.swift */; };
		64FC58E92C1F663600694C24 /* PhotoAssetStore.swift in Sources */ = {isa = PBXBuildFile; fileRef = 64FC58E82C1F663600694C24 /* PhotoAssetStore.swift */; };
/* End PBXBuildFile section */

/* Begin PBXFileReference section */
		230725452C1897CF0053774F /* Contact Sheet.app */ = {isa = PBXFileReference; explicitFileType = wrapper.application; includeInIndex = 0; path = "Contact Sheet.app"; sourceTree = BUILT_PRODUCTS_DIR; };
		230725482C1897CF0053774F /* AppDelegate.swift */ = {isa = PBXFileReference; lastKnownFileType = sourcecode.swift; path = AppDelegate.swift; sourceTree = "<group>"; };
		2307254A2C1897CF0053774F /* SceneDelegate.swift */ = {isa = PBXFileReference; lastKnownFileType = sourcecode.swift; path = SceneDelegate.swift; sourceTree = "<group>"; };
		2307254C2C1897CF0053774F /* LibraryViewController.swift */ = {isa = PBXFileReference; lastKnownFileType = sourcecode.swift; path = LibraryViewController.swift; sourceTree = "<group>"; };
		230725542C1897D10053774F /* Assets.xcassets */ = {isa = PBXFileReference; lastKnownFileType = folder.assetcatalog; path = Assets.xcassets; sourceTree = "<group>"; };
		230725572C1897D10053774F /* Base */ = {isa = PBXFileReference; lastKnownFileType = file.storyboard; name = Base; path = Base.lproj/LaunchScreen.storyboard; sourceTree = "<group>"; };
		230725592C1897D10053774F /* Contact_Sheet.entitlements */ = {isa = PBXFileReference; lastKnownFileType = text.plist.entitlements; path = Contact_Sheet.entitlements; sourceTree = "<group>"; };
		2307255A2C1897D10053774F /* Info.plist */ = {isa = PBXFileReference; lastKnownFileType = text.plist.xml; path = Info.plist; sourceTree = "<group>"; };
		230DF3032C1D7DD600927983 /* CoreDataContainer.swift */ = {isa = PBXFileReference; lastKnownFileType = sourcecode.swift; path = CoreDataContainer.swift; sourceTree = "<group>"; };
		230DF3062C1D7E0800927983 /* AppUserDefaults.swift */ = {isa = PBXFileReference; lastKnownFileType = sourcecode.swift; path = AppUserDefaults.swift; sourceTree = "<group>"; };
		230DF3082C1D7F2E00927983 /* ProjectStore.swift */ = {isa = PBXFileReference; lastKnownFileType = sourcecode.swift; path = ProjectStore.swift; sourceTree = "<group>"; };
		230DF30A2C1D80BF00927983 /* NSManageObjectContext+Ext.swift */ = {isa = PBXFileReference; lastKnownFileType = sourcecode.swift; path = "NSManageObjectContext+Ext.swift"; sourceTree = "<group>"; };
		230DF30D2C1D880F00927983 /* LibraryCell.swift */ = {isa = PBXFileReference; lastKnownFileType = sourcecode.swift; path = LibraryCell.swift; sourceTree = "<group>"; };
		232C98C12C1B34D00064B2C6 /* ImagePicker.swift */ = {isa = PBXFileReference; lastKnownFileType = sourcecode.swift; path = ImagePicker.swift; sourceTree = "<group>"; };
		2367AB6F2C1D8F090003AAE8 /* UIImage+Ext.swift */ = {isa = PBXFileReference; lastKnownFileType = sourcecode.swift; path = "UIImage+Ext.swift"; sourceTree = "<group>"; };
		2396C12F2C358F5500D05D18 /* AppearanceSwitcher.swift */ = {isa = PBXFileReference; lastKnownFileType = sourcecode.swift; path = AppearanceSwitcher.swift; sourceTree = "<group>"; };
		2396C1312C358F6900D05D18 /* AppearanceSettingView.swift */ = {isa = PBXFileReference; lastKnownFileType = sourcecode.swift; path = AppearanceSettingView.swift; sourceTree = "<group>"; };
		239E14E82C32E1B8001FB31E /* CropPresenter.swift */ = {isa = PBXFileReference; fileEncoding = 4; lastKnownFileType = sourcecode.swift; path = CropPresenter.swift; sourceTree = "<group>"; };
		23A730872C3824C800624539 /* UIView+Ext.swift */ = {isa = PBXFileReference; lastKnownFileType = sourcecode.swift; path = "UIView+Ext.swift"; sourceTree = "<group>"; };
		23A756CE2C1C867A00F2FB10 /* ProjectPhoto.swift */ = {isa = PBXFileReference; lastKnownFileType = sourcecode.swift; path = ProjectPhoto.swift; sourceTree = "<group>"; };
		23A756D22C1D7BE600F2FB10 /* Project.xcdatamodel */ = {isa = PBXFileReference; lastKnownFileType = wrapper.xcdatamodel; path = Project.xcdatamodel; sourceTree = "<group>"; };
		23AFC8F22C26AE8A00E12C9C /* AlignedCollectionViewFlowLayout.swift */ = {isa = PBXFileReference; lastKnownFileType = sourcecode.swift; path = AlignedCollectionViewFlowLayout.swift; sourceTree = "<group>"; };
		23AFC8F42C26B63F00E12C9C /* LibraryThumbnailContentView.swift */ = {isa = PBXFileReference; lastKnownFileType = sourcecode.swift; path = LibraryThumbnailContentView.swift; sourceTree = "<group>"; };
		23AFC8F62C26B6F300E12C9C /* LibraryThumbnailImageView.swift */ = {isa = PBXFileReference; lastKnownFileType = sourcecode.swift; path = LibraryThumbnailImageView.swift; sourceTree = "<group>"; };
		23F50D9B2C19D511001A5966 /* ProjectViewController.swift */ = {isa = PBXFileReference; lastKnownFileType = sourcecode.swift; path = ProjectViewController.swift; sourceTree = "<group>"; };
		23F50D9E2C19D538001A5966 /* ExportViewController.swift */ = {isa = PBXFileReference; lastKnownFileType = sourcecode.swift; path = ExportViewController.swift; sourceTree = "<group>"; };
		23F50E262C19DE87001A5966 /* State.swift */ = {isa = PBXFileReference; lastKnownFileType = sourcecode.swift; path = State.swift; sourceTree = "<group>"; };
		23F50E282C19DEAA001A5966 /* RatioPickerView.swift */ = {isa = PBXFileReference; lastKnownFileType = sourcecode.swift; path = RatioPickerView.swift; sourceTree = "<group>"; };
		23F50E572C19E952001A5966 /* ProjectGridView.swift */ = {isa = PBXFileReference; lastKnownFileType = sourcecode.swift; path = ProjectGridView.swift; sourceTree = "<group>"; };
		23F50E592C19EA0D001A5966 /* VStackView.swift */ = {isa = PBXFileReference; lastKnownFileType = sourcecode.swift; path = VStackView.swift; sourceTree = "<group>"; };
		23F50E5B2C19EA1A001A5966 /* HStackView.swift */ = {isa = PBXFileReference; lastKnownFileType = sourcecode.swift; path = HStackView.swift; sourceTree = "<group>"; };
		23F50E5D2C19EA2B001A5966 /* UILabel+Ext.swift */ = {isa = PBXFileReference; lastKnownFileType = sourcecode.swift; path = "UILabel+Ext.swift"; sourceTree = "<group>"; };
		23F50E5F2C19EA36001A5966 /* UIButton+Ext.swift */ = {isa = PBXFileReference; lastKnownFileType = sourcecode.swift; path = "UIButton+Ext.swift"; sourceTree = "<group>"; };
		23F50E612C19EC65001A5966 /* ProjectGridCell.swift */ = {isa = PBXFileReference; lastKnownFileType = sourcecode.swift; path = ProjectGridCell.swift; sourceTree = "<group>"; };
		641E24A72C3968C600BD5424 /* View+Extensions.swift */ = {isa = PBXFileReference; lastKnownFileType = sourcecode.swift; path = "View+Extensions.swift"; sourceTree = "<group>"; };
		641E24A92C39696200BD5424 /* Extension+Notifications.swift */ = {isa = PBXFileReference; lastKnownFileType = sourcecode.swift; path = "Extension+Notifications.swift"; sourceTree = "<group>"; };
		641E24AB2C3976FE00BD5424 /* ImageSaver.swift */ = {isa = PBXFileReference; lastKnownFileType = sourcecode.swift; path = ImageSaver.swift; sourceTree = "<group>"; };
		646588B22C459BF20016D2F5 /* CloudSyncHistoryView.swift */ = {isa = PBXFileReference; fileEncoding = 4; lastKnownFileType = sourcecode.swift; path = CloudSyncHistoryView.swift; sourceTree = "<group>"; };
		64A7AD922C4CDA25009AD021 /* CloudDataManager.swift */ = {isa = PBXFileReference; lastKnownFileType = sourcecode.swift; path = CloudDataManager.swift; sourceTree = "<group>"; };
		64A84F5D2C516EC8001DE9AF /* Constants.swift */ = {isa = PBXFileReference; lastKnownFileType = sourcecode.swift; path = Constants.swift; sourceTree = "<group>"; };
		64D282232C4D014100B3A471 /* ImageEntityStore.swift */ = {isa = PBXFileReference; lastKnownFileType = sourcecode.swift; path = ImageEntityStore.swift; sourceTree = "<group>"; };
		64E3116F2C3137A200737EE7 /* ExportSheetCell.swift */ = {isa = PBXFileReference; lastKnownFileType = sourcecode.swift; path = ExportSheetCell.swift; sourceTree = "<group>"; };
		64E311712C31C70B00737EE7 /* UIStackView+Ext.swift */ = {isa = PBXFileReference; lastKnownFileType = sourcecode.swift; path = "UIStackView+Ext.swift"; sourceTree = "<group>"; };
		64E311762C31C7CB00737EE7 /* ICloudSettingView.swift */ = {isa = PBXFileReference; lastKnownFileType = sourcecode.swift; path = ICloudSettingView.swift; sourceTree = "<group>"; };
		64E311782C31C7EE00737EE7 /* CloudKitSyncMonitor.swift */ = {isa = PBXFileReference; lastKnownFileType = sourcecode.swift; path = CloudKitSyncMonitor.swift; sourceTree = "<group>"; };
		64E3117A2C31C80C00737EE7 /* SettingViewController.swift */ = {isa = PBXFileReference; lastKnownFileType = sourcecode.swift; path = SettingViewController.swift; sourceTree = "<group>"; };
		64EA49A32C2B1C1100D81A99 /* ExportView.swift */ = {isa = PBXFileReference; lastKnownFileType = sourcecode.swift; path = ExportView.swift; sourceTree = "<group>"; };
		64EA49A72C2B3EDA00D81A99 /* ExportViewModel.swift */ = {isa = PBXFileReference; lastKnownFileType = sourcecode.swift; path = ExportViewModel.swift; sourceTree = "<group>"; };
		64FC58E52C1EB08500694C24 /* Extensions+Preview.swift */ = {isa = PBXFileReference; fileEncoding = 4; lastKnownFileType = sourcecode.swift; path = "Extensions+Preview.swift"; sourceTree = "<group>"; };
		64FC58E82C1F663600694C24 /* PhotoAssetStore.swift */ = {isa = PBXFileReference; lastKnownFileType = sourcecode.swift; path = PhotoAssetStore.swift; sourceTree = "<group>"; };
/* End PBXFileReference section */

/* Begin PBXFrameworksBuildPhase section */
		230725422C1897CF0053774F /* Frameworks */ = {
			isa = PBXFrameworksBuildPhase;
			buildActionMask = 2147483647;
			files = (
				23E7CF082C3C20D6004DEA8B /* UIImageColorRatio in Frameworks */,
				64E3117E2C31C87500737EE7 /* Mantis in Frameworks */,
			);
			runOnlyForDeploymentPostprocessing = 0;
		};
/* End PBXFrameworksBuildPhase section */

/* Begin PBXGroup section */
		2307253C2C1897CF0053774F = {
			isa = PBXGroup;
			children = (
				230725472C1897CF0053774F /* Contact Sheet */,
				230725462C1897CF0053774F /* Products */,
			);
			sourceTree = "<group>";
		};
		230725462C1897CF0053774F /* Products */ = {
			isa = PBXGroup;
			children = (
				230725452C1897CF0053774F /* Contact Sheet.app */,
			);
			name = Products;
			sourceTree = "<group>";
		};
		230725472C1897CF0053774F /* Contact Sheet */ = {
			isa = PBXGroup;
			children = (
				64A84F5C2C516EBF001DE9AF /* Constants */,
				64E311732C31C7B500737EE7 /* Setting */,
				64FC58E42C1EB06300694C24 /* Previews */,
				230DF3052C1D7DFE00927983 /* UserDefault */,
				23A756D02C1D7BD500F2FB10 /* CoreData */,
				2380F9FC2C189AFE00548FDA /* App */,
				64FC58E72C1F662700694C24 /* Store */,
				23F50D9A2C19D500001A5966 /* Library */,
				23F50D9D2C19D52E001A5966 /* Project */,
				23F50DA02C19D541001A5966 /* Export */,
				23F50E252C19DE80001A5966 /* Helper */,
				230725542C1897D10053774F /* Assets.xcassets */,
				230725562C1897D10053774F /* LaunchScreen.storyboard */,
				230725592C1897D10053774F /* Contact_Sheet.entitlements */,
				2307255A2C1897D10053774F /* Info.plist */,
			);
			path = "Contact Sheet";
			sourceTree = "<group>";
		};
		230DF3052C1D7DFE00927983 /* UserDefault */ = {
			isa = PBXGroup;
			children = (
				230DF3062C1D7E0800927983 /* AppUserDefaults.swift */,
			);
			path = UserDefault;
			sourceTree = "<group>";
		};
		230DF30C2C1D880200927983 /* Component */ = {
			isa = PBXGroup;
			children = (
				230DF30D2C1D880F00927983 /* LibraryCell.swift */,
				23AFC8F62C26B6F300E12C9C /* LibraryThumbnailImageView.swift */,
				23AFC8F42C26B63F00E12C9C /* LibraryThumbnailContentView.swift */,
				23AFC8F22C26AE8A00E12C9C /* AlignedCollectionViewFlowLayout.swift */,
			);
			path = Component;
			sourceTree = "<group>";
		};
		2380F9FC2C189AFE00548FDA /* App */ = {
			isa = PBXGroup;
			children = (
				230725482C1897CF0053774F /* AppDelegate.swift */,
				2307254A2C1897CF0053774F /* SceneDelegate.swift */,
			);
			path = App;
			sourceTree = "<group>";
		};
		2396C12E2C358F4A00D05D18 /* Apperance */ = {
			isa = PBXGroup;
			children = (
				2396C12F2C358F5500D05D18 /* AppearanceSwitcher.swift */,
				2396C1312C358F6900D05D18 /* AppearanceSettingView.swift */,
				646588B22C459BF20016D2F5 /* CloudSyncHistoryView.swift */,
			);
			path = Apperance;
			sourceTree = "<group>";
		};
		23A756D02C1D7BD500F2FB10 /* CoreData */ = {
			isa = PBXGroup;
			children = (
				64D282222C4D010500B3A471 /* CloudData-Images */,
				23A756D12C1D7BE600F2FB10 /* ContactSheet.xcdatamodeld */,
				230DF3032C1D7DD600927983 /* CoreDataContainer.swift */,
				230DF30A2C1D80BF00927983 /* NSManageObjectContext+Ext.swift */,
				230DF3082C1D7F2E00927983 /* ProjectStore.swift */,
				64D282232C4D014100B3A471 /* ImageEntityStore.swift */,
			);
			path = CoreData;
			sourceTree = "<group>";
		};
		23F50D9A2C19D500001A5966 /* Library */ = {
			isa = PBXGroup;
			children = (
				230DF30C2C1D880200927983 /* Component */,
				2307254C2C1897CF0053774F /* LibraryViewController.swift */,
			);
			path = Library;
			sourceTree = "<group>";
		};
		23F50D9D2C19D52E001A5966 /* Project */ = {
			isa = PBXGroup;
			children = (
				23F50E2A2C19DED8001A5966 /* Component */,
				23A756CE2C1C867A00F2FB10 /* ProjectPhoto.swift */,
				23F50D9B2C19D511001A5966 /* ProjectViewController.swift */,
			);
			path = Project;
			sourceTree = "<group>";
		};
		23F50DA02C19D541001A5966 /* Export */ = {
			isa = PBXGroup;
			children = (
				64EA49A22C2B1BFE00D81A99 /* ExportViewSUI */,
				23F50D9E2C19D538001A5966 /* ExportViewController.swift */,
			);
			path = Export;
			sourceTree = "<group>";
		};
		23F50E252C19DE80001A5966 /* Helper */ = {
			isa = PBXGroup;
			children = (
				23F50E262C19DE87001A5966 /* State.swift */,
				23F50E5F2C19EA36001A5966 /* UIButton+Ext.swift */,
				2367AB6F2C1D8F090003AAE8 /* UIImage+Ext.swift */,
				23F50E5D2C19EA2B001A5966 /* UILabel+Ext.swift */,
				23A730872C3824C800624539 /* UIView+Ext.swift */,
				23F50E592C19EA0D001A5966 /* VStackView.swift */,
				23F50E5B2C19EA1A001A5966 /* HStackView.swift */,
				64E311712C31C70B00737EE7 /* UIStackView+Ext.swift */,
				641E24A72C3968C600BD5424 /* View+Extensions.swift */,
				641E24A92C39696200BD5424 /* Extension+Notifications.swift */,
				641E24AB2C3976FE00BD5424 /* ImageSaver.swift */,
			);
			path = Helper;
			sourceTree = "<group>";
		};
		23F50E2A2C19DED8001A5966 /* Component */ = {
			isa = PBXGroup;
			children = (
				239E14E82C32E1B8001FB31E /* CropPresenter.swift */,
				23F50E282C19DEAA001A5966 /* RatioPickerView.swift */,
				23F50E572C19E952001A5966 /* ProjectGridView.swift */,
				23F50E612C19EC65001A5966 /* ProjectGridCell.swift */,
				232C98C12C1B34D00064B2C6 /* ImagePicker.swift */,
			);
			path = Component;
			sourceTree = "<group>";
		};
		64A84F5C2C516EBF001DE9AF /* Constants */ = {
			isa = PBXGroup;
			children = (
				64A84F5D2C516EC8001DE9AF /* Constants.swift */,
			);
			path = Constants;
			sourceTree = "<group>";
		};
		64D282222C4D010500B3A471 /* CloudData-Images */ = {
			isa = PBXGroup;
			children = (
				64A7AD922C4CDA25009AD021 /* CloudDataManager.swift */,
			);
			path = "CloudData-Images";
			sourceTree = "<group>";
		};
		64E311732C31C7B500737EE7 /* Setting */ = {
			isa = PBXGroup;
			children = (
				2396C12E2C358F4A00D05D18 /* Apperance */,
				64E311742C31C7BE00737EE7 /* Cloud */,
			);
			path = Setting;
			sourceTree = "<group>";
		};
		64E311742C31C7BE00737EE7 /* Cloud */ = {
			isa = PBXGroup;
			children = (
				64E311762C31C7CB00737EE7 /* ICloudSettingView.swift */,
				64E311782C31C7EE00737EE7 /* CloudKitSyncMonitor.swift */,
				64E3117A2C31C80C00737EE7 /* SettingViewController.swift */,
			);
			path = Cloud;
			sourceTree = "<group>";
		};
		64EA49A22C2B1BFE00D81A99 /* ExportViewSUI */ = {
			isa = PBXGroup;
			children = (
				64EA49A32C2B1C1100D81A99 /* ExportView.swift */,
				64EA49A72C2B3EDA00D81A99 /* ExportViewModel.swift */,
				64E3116F2C3137A200737EE7 /* ExportSheetCell.swift */,
			);
			path = ExportViewSUI;
			sourceTree = "<group>";
		};
		64FC58E42C1EB06300694C24 /* Previews */ = {
			isa = PBXGroup;
			children = (
				64FC58E52C1EB08500694C24 /* Extensions+Preview.swift */,
			);
			path = Previews;
			sourceTree = "<group>";
		};
		64FC58E72C1F662700694C24 /* Store */ = {
			isa = PBXGroup;
			children = (
				64FC58E82C1F663600694C24 /* PhotoAssetStore.swift */,
			);
			path = Store;
			sourceTree = "<group>";
		};
/* End PBXGroup section */

/* Begin PBXNativeTarget section */
		230725442C1897CF0053774F /* Contact Sheet */ = {
			isa = PBXNativeTarget;
			buildConfigurationList = 2307255D2C1897D10053774F /* Build configuration list for PBXNativeTarget "Contact Sheet" */;
			buildPhases = (
				230725412C1897CF0053774F /* Sources */,
				230725422C1897CF0053774F /* Frameworks */,
				230725432C1897CF0053774F /* Resources */,
			);
			buildRules = (
			);
			dependencies = (
			);
			name = "Contact Sheet";
			packageProductDependencies = (
				64E3117D2C31C87500737EE7 /* Mantis */,
				23E7CF072C3C20D6004DEA8B /* UIImageColorRatio */,
			);
			productName = "Contact Sheet";
			productReference = 230725452C1897CF0053774F /* Contact Sheet.app */;
			productType = "com.apple.product-type.application";
		};
/* End PBXNativeTarget section */

/* Begin PBXProject section */
		2307253D2C1897CF0053774F /* Project object */ = {
			isa = PBXProject;
			attributes = {
				BuildIndependentTargetsInParallel = 1;
				LastSwiftUpdateCheck = 1520;
				LastUpgradeCheck = 1520;
				TargetAttributes = {
					230725442C1897CF0053774F = {
						CreatedOnToolsVersion = 15.2;
					};
				};
			};
			buildConfigurationList = 230725402C1897CF0053774F /* Build configuration list for PBXProject "Contact Sheet" */;
			compatibilityVersion = "Xcode 14.0";
			developmentRegion = en;
			hasScannedForEncodings = 0;
			knownRegions = (
				en,
				Base,
			);
			mainGroup = 2307253C2C1897CF0053774F;
			packageReferences = (
				64E3117C2C31C87500737EE7 /* XCRemoteSwiftPackageReference "Mantis" */,
				23E7CF062C3C20D6004DEA8B /* XCRemoteSwiftPackageReference "UIImageColorRatio" */,
			);
			productRefGroup = 230725462C1897CF0053774F /* Products */;
			projectDirPath = "";
			projectRoot = "";
			targets = (
				230725442C1897CF0053774F /* Contact Sheet */,
			);
		};
/* End PBXProject section */

/* Begin PBXResourcesBuildPhase section */
		230725432C1897CF0053774F /* Resources */ = {
			isa = PBXResourcesBuildPhase;
			buildActionMask = 2147483647;
			files = (
				230725582C1897D10053774F /* LaunchScreen.storyboard in Resources */,
				230725552C1897D10053774F /* Assets.xcassets in Resources */,
			);
			runOnlyForDeploymentPostprocessing = 0;
		};
/* End PBXResourcesBuildPhase section */

/* Begin PBXSourcesBuildPhase section */
		230725412C1897CF0053774F /* Sources */ = {
			isa = PBXSourcesBuildPhase;
			buildActionMask = 2147483647;
			files = (
				2307254D2C1897CF0053774F /* LibraryViewController.swift in Sources */,
				64E311702C3137A200737EE7 /* ExportSheetCell.swift in Sources */,
				23AFC8F52C26B63F00E12C9C /* LibraryThumbnailContentView.swift in Sources */,
				230DF3092C1D7F2E00927983 /* ProjectStore.swift in Sources */,
				230725492C1897CF0053774F /* AppDelegate.swift in Sources */,
				64E3117B2C31C80C00737EE7 /* SettingViewController.swift in Sources */,
				23A730882C3824C800624539 /* UIView+Ext.swift in Sources */,
				64E311792C31C7EE00737EE7 /* CloudKitSyncMonitor.swift in Sources */,
				23F50E582C19E952001A5966 /* ProjectGridView.swift in Sources */,
				64FC58E62C1EB08500694C24 /* Extensions+Preview.swift in Sources */,
				641E24AA2C39696200BD5424 /* Extension+Notifications.swift in Sources */,
				641E24AC2C3976FE00BD5424 /* ImageSaver.swift in Sources */,
				2396C1322C358F6900D05D18 /* AppearanceSettingView.swift in Sources */,
				23F50E5A2C19EA0D001A5966 /* VStackView.swift in Sources */,
				64E311722C31C70B00737EE7 /* UIStackView+Ext.swift in Sources */,
				23F50E5C2C19EA1A001A5966 /* HStackView.swift in Sources */,
				2396C1302C358F5500D05D18 /* AppearanceSwitcher.swift in Sources */,
				23A756CF2C1C867A00F2FB10 /* ProjectPhoto.swift in Sources */,
				646588B32C459BF20016D2F5 /* CloudSyncHistoryView.swift in Sources */,
				64E311772C31C7CB00737EE7 /* ICloudSettingView.swift in Sources */,
				230DF30B2C1D80BF00927983 /* NSManageObjectContext+Ext.swift in Sources */,
				23F50E292C19DEAA001A5966 /* RatioPickerView.swift in Sources */,
				23F50D9C2C19D511001A5966 /* ProjectViewController.swift in Sources */,
				23F50E5E2C19EA2B001A5966 /* UILabel+Ext.swift in Sources */,
				23F50E602C19EA36001A5966 /* UIButton+Ext.swift in Sources */,
				641E24A82C3968C600BD5424 /* View+Extensions.swift in Sources */,
				64A7AD932C4CDA25009AD021 /* CloudDataManager.swift in Sources */,
				23AFC8F32C26AE8A00E12C9C /* AlignedCollectionViewFlowLayout.swift in Sources */,
				64EA49A82C2B3EDA00D81A99 /* ExportViewModel.swift in Sources */,
				23F50E622C19EC65001A5966 /* ProjectGridCell.swift in Sources */,
				23AFC8F72C26B6F300E12C9C /* LibraryThumbnailImageView.swift in Sources */,
				23F50D9F2C19D538001A5966 /* ExportViewController.swift in Sources */,
				64FC58E92C1F663600694C24 /* PhotoAssetStore.swift in Sources */,
				23A756D32C1D7BE600F2FB10 /* ContactSheet.xcdatamodeld in Sources */,
				64EA49A42C2B1C1100D81A99 /* ExportView.swift in Sources */,
				64A84F5E2C516EC8001DE9AF /* Constants.swift in Sources */,
				230DF30E2C1D880F00927983 /* LibraryCell.swift in Sources */,
				230DF3042C1D7DD600927983 /* CoreDataContainer.swift in Sources */,
				239E14E92C32E1B8001FB31E /* CropPresenter.swift in Sources */,
				232C98C22C1B34D00064B2C6 /* ImagePicker.swift in Sources */,
				230DF3072C1D7E0800927983 /* AppUserDefaults.swift in Sources */,
				2307254B2C1897CF0053774F /* SceneDelegate.swift in Sources */,
				23F50E272C19DE87001A5966 /* State.swift in Sources */,
				64D282242C4D014100B3A471 /* ImageEntityStore.swift in Sources */,
				2367AB702C1D8F090003AAE8 /* UIImage+Ext.swift in Sources */,
			);
			runOnlyForDeploymentPostprocessing = 0;
		};
/* End PBXSourcesBuildPhase section */

/* Begin PBXVariantGroup section */
		230725562C1897D10053774F /* LaunchScreen.storyboard */ = {
			isa = PBXVariantGroup;
			children = (
				230725572C1897D10053774F /* Base */,
			);
			name = LaunchScreen.storyboard;
			sourceTree = "<group>";
		};
/* End PBXVariantGroup section */

/* Begin XCBuildConfiguration section */
		2307255B2C1897D10053774F /* Debug */ = {
			isa = XCBuildConfiguration;
			buildSettings = {
				ALWAYS_SEARCH_USER_PATHS = NO;
				ASSETCATALOG_COMPILER_GENERATE_SWIFT_ASSET_SYMBOL_EXTENSIONS = YES;
				CLANG_ANALYZER_NONNULL = YES;
				CLANG_ANALYZER_NUMBER_OBJECT_CONVERSION = YES_AGGRESSIVE;
				CLANG_CXX_LANGUAGE_STANDARD = "gnu++20";
				CLANG_ENABLE_MODULES = YES;
				CLANG_ENABLE_OBJC_ARC = YES;
				CLANG_ENABLE_OBJC_WEAK = YES;
				CLANG_WARN_BLOCK_CAPTURE_AUTORELEASING = YES;
				CLANG_WARN_BOOL_CONVERSION = YES;
				CLANG_WARN_COMMA = YES;
				CLANG_WARN_CONSTANT_CONVERSION = YES;
				CLANG_WARN_DEPRECATED_OBJC_IMPLEMENTATIONS = YES;
				CLANG_WARN_DIRECT_OBJC_ISA_USAGE = YES_ERROR;
				CLANG_WARN_DOCUMENTATION_COMMENTS = YES;
				CLANG_WARN_EMPTY_BODY = YES;
				CLANG_WARN_ENUM_CONVERSION = YES;
				CLANG_WARN_INFINITE_RECURSION = YES;
				CLANG_WARN_INT_CONVERSION = YES;
				CLANG_WARN_NON_LITERAL_NULL_CONVERSION = YES;
				CLANG_WARN_OBJC_IMPLICIT_RETAIN_SELF = YES;
				CLANG_WARN_OBJC_LITERAL_CONVERSION = YES;
				CLANG_WARN_OBJC_ROOT_CLASS = YES_ERROR;
				CLANG_WARN_QUOTED_INCLUDE_IN_FRAMEWORK_HEADER = YES;
				CLANG_WARN_RANGE_LOOP_ANALYSIS = YES;
				CLANG_WARN_STRICT_PROTOTYPES = YES;
				CLANG_WARN_SUSPICIOUS_MOVE = YES;
				CLANG_WARN_UNGUARDED_AVAILABILITY = YES_AGGRESSIVE;
				CLANG_WARN_UNREACHABLE_CODE = YES;
				CLANG_WARN__DUPLICATE_METHOD_MATCH = YES;
				COPY_PHASE_STRIP = NO;
				DEBUG_INFORMATION_FORMAT = dwarf;
				ENABLE_STRICT_OBJC_MSGSEND = YES;
				ENABLE_TESTABILITY = YES;
				ENABLE_USER_SCRIPT_SANDBOXING = YES;
				GCC_C_LANGUAGE_STANDARD = gnu17;
				GCC_DYNAMIC_NO_PIC = NO;
				GCC_NO_COMMON_BLOCKS = YES;
				GCC_OPTIMIZATION_LEVEL = 0;
				GCC_PREPROCESSOR_DEFINITIONS = (
					"DEBUG=1",
					"$(inherited)",
				);
				GCC_WARN_64_TO_32_BIT_CONVERSION = YES;
				GCC_WARN_ABOUT_RETURN_TYPE = YES_ERROR;
				GCC_WARN_UNDECLARED_SELECTOR = YES;
				GCC_WARN_UNINITIALIZED_AUTOS = YES_AGGRESSIVE;
				GCC_WARN_UNUSED_FUNCTION = YES;
				GCC_WARN_UNUSED_VARIABLE = YES;
				IPHONEOS_DEPLOYMENT_TARGET = 16.0;
				LOCALIZATION_PREFERS_STRING_CATALOGS = YES;
				MTL_ENABLE_DEBUG_INFO = INCLUDE_SOURCE;
				MTL_FAST_MATH = YES;
				ONLY_ACTIVE_ARCH = YES;
				SDKROOT = iphoneos;
				SWIFT_ACTIVE_COMPILATION_CONDITIONS = "DEBUG $(inherited)";
				SWIFT_OPTIMIZATION_LEVEL = "-Onone";
			};
			name = Debug;
		};
		2307255C2C1897D10053774F /* Release */ = {
			isa = XCBuildConfiguration;
			buildSettings = {
				ALWAYS_SEARCH_USER_PATHS = NO;
				ASSETCATALOG_COMPILER_GENERATE_SWIFT_ASSET_SYMBOL_EXTENSIONS = YES;
				CLANG_ANALYZER_NONNULL = YES;
				CLANG_ANALYZER_NUMBER_OBJECT_CONVERSION = YES_AGGRESSIVE;
				CLANG_CXX_LANGUAGE_STANDARD = "gnu++20";
				CLANG_ENABLE_MODULES = YES;
				CLANG_ENABLE_OBJC_ARC = YES;
				CLANG_ENABLE_OBJC_WEAK = YES;
				CLANG_WARN_BLOCK_CAPTURE_AUTORELEASING = YES;
				CLANG_WARN_BOOL_CONVERSION = YES;
				CLANG_WARN_COMMA = YES;
				CLANG_WARN_CONSTANT_CONVERSION = YES;
				CLANG_WARN_DEPRECATED_OBJC_IMPLEMENTATIONS = YES;
				CLANG_WARN_DIRECT_OBJC_ISA_USAGE = YES_ERROR;
				CLANG_WARN_DOCUMENTATION_COMMENTS = YES;
				CLANG_WARN_EMPTY_BODY = YES;
				CLANG_WARN_ENUM_CONVERSION = YES;
				CLANG_WARN_INFINITE_RECURSION = YES;
				CLANG_WARN_INT_CONVERSION = YES;
				CLANG_WARN_NON_LITERAL_NULL_CONVERSION = YES;
				CLANG_WARN_OBJC_IMPLICIT_RETAIN_SELF = YES;
				CLANG_WARN_OBJC_LITERAL_CONVERSION = YES;
				CLANG_WARN_OBJC_ROOT_CLASS = YES_ERROR;
				CLANG_WARN_QUOTED_INCLUDE_IN_FRAMEWORK_HEADER = YES;
				CLANG_WARN_RANGE_LOOP_ANALYSIS = YES;
				CLANG_WARN_STRICT_PROTOTYPES = YES;
				CLANG_WARN_SUSPICIOUS_MOVE = YES;
				CLANG_WARN_UNGUARDED_AVAILABILITY = YES_AGGRESSIVE;
				CLANG_WARN_UNREACHABLE_CODE = YES;
				CLANG_WARN__DUPLICATE_METHOD_MATCH = YES;
				COPY_PHASE_STRIP = NO;
				DEBUG_INFORMATION_FORMAT = "dwarf-with-dsym";
				ENABLE_NS_ASSERTIONS = NO;
				ENABLE_STRICT_OBJC_MSGSEND = YES;
				ENABLE_USER_SCRIPT_SANDBOXING = YES;
				GCC_C_LANGUAGE_STANDARD = gnu17;
				GCC_NO_COMMON_BLOCKS = YES;
				GCC_WARN_64_TO_32_BIT_CONVERSION = YES;
				GCC_WARN_ABOUT_RETURN_TYPE = YES_ERROR;
				GCC_WARN_UNDECLARED_SELECTOR = YES;
				GCC_WARN_UNINITIALIZED_AUTOS = YES_AGGRESSIVE;
				GCC_WARN_UNUSED_FUNCTION = YES;
				GCC_WARN_UNUSED_VARIABLE = YES;
				IPHONEOS_DEPLOYMENT_TARGET = 16.0;
				LOCALIZATION_PREFERS_STRING_CATALOGS = YES;
				MTL_ENABLE_DEBUG_INFO = NO;
				MTL_FAST_MATH = YES;
				SDKROOT = iphoneos;
				SWIFT_COMPILATION_MODE = wholemodule;
				VALIDATE_PRODUCT = YES;
			};
			name = Release;
		};
		2307255E2C1897D10053774F /* Debug */ = {
			isa = XCBuildConfiguration;
			buildSettings = {
				ASSETCATALOG_COMPILER_APPICON_NAME = AppIcon;
				ASSETCATALOG_COMPILER_GLOBAL_ACCENT_COLOR_NAME = AccentColor;
				CODE_SIGN_ENTITLEMENTS = "Contact Sheet/Contact_Sheet.entitlements";
				CODE_SIGN_STYLE = Automatic;
				CURRENT_PROJECT_VERSION = 30;
				DEVELOPMENT_TEAM = 3B883XKLK8;
				GENERATE_INFOPLIST_FILE = YES;
				INFOPLIST_FILE = "Contact Sheet/Info.plist";
				INFOPLIST_KEY_CFBundleDisplayName = "Contact Sheet";
				INFOPLIST_KEY_LSApplicationCategoryType = "public.app-category.utilities";
				INFOPLIST_KEY_NSPhotoLibraryUsageDescription = "Allow Contactsheet to use the libary to create your contact sheet using photos";
				INFOPLIST_KEY_UIApplicationSupportsIndirectInputEvents = YES;
				INFOPLIST_KEY_UILaunchStoryboardName = LaunchScreen;
				INFOPLIST_KEY_UISupportedInterfaceOrientations_iPad = "UIInterfaceOrientationPortrait UIInterfaceOrientationPortraitUpsideDown UIInterfaceOrientationLandscapeLeft UIInterfaceOrientationLandscapeRight";
				INFOPLIST_KEY_UISupportedInterfaceOrientations_iPhone = "UIInterfaceOrientationPortrait UIInterfaceOrientationLandscapeLeft UIInterfaceOrientationLandscapeRight";
				IPHONEOS_DEPLOYMENT_TARGET = 16.0;
				LD_RUNPATH_SEARCH_PATHS = (
					"$(inherited)",
					"@executable_path/Frameworks",
				);
				MARKETING_VERSION = 0.1.0;
				PRODUCT_BUNDLE_IDENTIFIER = "com.spencershwetz.Contact-Sheet";
				PRODUCT_NAME = "$(TARGET_NAME)";
				SUPPORTED_PLATFORMS = "iphoneos iphonesimulator";
				SUPPORTS_MACCATALYST = NO;
				SUPPORTS_XR_DESIGNED_FOR_IPHONE_IPAD = NO;
				SWIFT_EMIT_LOC_STRINGS = YES;
				SWIFT_VERSION = 5.0;
				TARGETED_DEVICE_FAMILY = "1,2";
			};
			name = Debug;
		};
		2307255F2C1897D10053774F /* Release */ = {
			isa = XCBuildConfiguration;
			buildSettings = {
				ASSETCATALOG_COMPILER_APPICON_NAME = AppIcon;
				ASSETCATALOG_COMPILER_GLOBAL_ACCENT_COLOR_NAME = AccentColor;
				CODE_SIGN_ENTITLEMENTS = "Contact Sheet/Contact_Sheet.entitlements";
				CODE_SIGN_STYLE = Automatic;
				CURRENT_PROJECT_VERSION = 30;
				DEVELOPMENT_TEAM = 3B883XKLK8;
				GENERATE_INFOPLIST_FILE = YES;
				INFOPLIST_FILE = "Contact Sheet/Info.plist";
				INFOPLIST_KEY_CFBundleDisplayName = "Contact Sheet";
				INFOPLIST_KEY_LSApplicationCategoryType = "public.app-category.utilities";
				INFOPLIST_KEY_NSPhotoLibraryUsageDescription = "Allow Contactsheet to use the libary to create your contact sheet using photos";
				INFOPLIST_KEY_UIApplicationSupportsIndirectInputEvents = YES;
				INFOPLIST_KEY_UILaunchStoryboardName = LaunchScreen;
				INFOPLIST_KEY_UISupportedInterfaceOrientations_iPad = "UIInterfaceOrientationPortrait UIInterfaceOrientationPortraitUpsideDown UIInterfaceOrientationLandscapeLeft UIInterfaceOrientationLandscapeRight";
				INFOPLIST_KEY_UISupportedInterfaceOrientations_iPhone = "UIInterfaceOrientationPortrait UIInterfaceOrientationLandscapeLeft UIInterfaceOrientationLandscapeRight";
				IPHONEOS_DEPLOYMENT_TARGET = 16.0;
				LD_RUNPATH_SEARCH_PATHS = (
					"$(inherited)",
					"@executable_path/Frameworks",
				);
				MARKETING_VERSION = 0.1.0;
				PRODUCT_BUNDLE_IDENTIFIER = "com.spencershwetz.Contact-Sheet";
				PRODUCT_NAME = "$(TARGET_NAME)";
				SUPPORTED_PLATFORMS = "iphoneos iphonesimulator";
				SUPPORTS_MACCATALYST = NO;
				SUPPORTS_XR_DESIGNED_FOR_IPHONE_IPAD = NO;
				SWIFT_EMIT_LOC_STRINGS = YES;
				SWIFT_VERSION = 5.0;
				TARGETED_DEVICE_FAMILY = "1,2";
			};
			name = Release;
		};
/* End XCBuildConfiguration section */

/* Begin XCConfigurationList section */
		230725402C1897CF0053774F /* Build configuration list for PBXProject "Contact Sheet" */ = {
			isa = XCConfigurationList;
			buildConfigurations = (
				2307255B2C1897D10053774F /* Debug */,
				2307255C2C1897D10053774F /* Release */,
			);
			defaultConfigurationIsVisible = 0;
			defaultConfigurationName = Release;
		};
		2307255D2C1897D10053774F /* Build configuration list for PBXNativeTarget "Contact Sheet" */ = {
			isa = XCConfigurationList;
			buildConfigurations = (
				2307255E2C1897D10053774F /* Debug */,
				2307255F2C1897D10053774F /* Release */,
			);
			defaultConfigurationIsVisible = 0;
			defaultConfigurationName = Release;
		};
/* End XCConfigurationList section */

/* Begin XCRemoteSwiftPackageReference section */
		23E7CF062C3C20D6004DEA8B /* XCRemoteSwiftPackageReference "UIImageColorRatio" */ = {
			isa = XCRemoteSwiftPackageReference;
			repositoryURL = "https://github.com/623637646/UIImageColorRatio.git";
			requirement = {
				kind = exactVersion;
				version = 1.2.0;
			};
		};
		64E3117C2C31C87500737EE7 /* XCRemoteSwiftPackageReference "Mantis" */ = {
			isa = XCRemoteSwiftPackageReference;
			repositoryURL = "https://github.com/guoyingtao/Mantis.git";
			requirement = {
				kind = upToNextMajorVersion;
				minimumVersion = 1.7.5;
			};
		};
/* End XCRemoteSwiftPackageReference section */

/* Begin XCSwiftPackageProductDependency section */
		23E7CF072C3C20D6004DEA8B /* UIImageColorRatio */ = {
			isa = XCSwiftPackageProductDependency;
			package = 23E7CF062C3C20D6004DEA8B /* XCRemoteSwiftPackageReference "UIImageColorRatio" */;
			productName = UIImageColorRatio;
		};
		64E3117D2C31C87500737EE7 /* Mantis */ = {
			isa = XCSwiftPackageProductDependency;
			package = 64E3117C2C31C87500737EE7 /* XCRemoteSwiftPackageReference "Mantis" */;
			productName = Mantis;
		};
/* End XCSwiftPackageProductDependency section */

/* Begin XCVersionGroup section */
		23A756D12C1D7BE600F2FB10 /* ContactSheet.xcdatamodeld */ = {
			isa = XCVersionGroup;
			children = (
				23A756D22C1D7BE600F2FB10 /* Project.xcdatamodel */,
			);
			currentVersion = 23A756D22C1D7BE600F2FB10 /* Project.xcdatamodel */;
			path = ContactSheet.xcdatamodeld;
			sourceTree = "<group>";
			versionGroupType = wrapper.xcdatamodel;
		};
/* End XCVersionGroup section */
	};
	rootObject = 2307253D2C1897CF0053774F /* Project object */;
}
